
Microsoft Visual Studio Solution File, Format Version 12.00
# Visual Studio Version 17
VisualStudioVersion = 17.10.35013.160
MinimumVisualStudioVersion = 10.0.40219.1
Project("{FAE04EC0-301F-11D3-BF4B-00C04F79EFBC}") = "PatikaWeek4PracticeEncapsulation", "PatikaWeek4PracticeEncapsulation\PatikaWeek4PracticeEncapsulation.csproj", "{32FEC590-9C94-4593-B62A-BB7E1FE13E7E}"
EndProject
Global
	GlobalSection(SolutionConfigurationPlatforms) = preSolution
		Debug|Any CPU = Debug|Any CPU
		Release|Any CPU = Release|Any CPU
	EndGlobalSection
	GlobalSection(ProjectConfigurationPlatforms) = postSolution
		{32FEC590-9C94-4593-B62A-BB7E1FE13E7E}.Debug|Any CPU.ActiveCfg = Debug|Any CPU
		{32FEC590-9C94-4593-B62A-BB7E1FE13E7E}.Debug|Any CPU.Build.0 = Debug|Any CPU
		{32FEC590-9C94-4593-B62A-BB7E1FE13E7E}.Release|Any CPU.ActiveCfg = Release|Any CPU
		{32FEC590-9C94-4593-B62A-BB7E1FE13E7E}.Release|Any CPU.Build.0 = Release|Any CPU
	EndGlobalSection
	GlobalSection(SolutionProperties) = preSolution
		HideSolutionNode = FALSE
	EndGlobalSection
	GlobalSection(ExtensibilityGlobals) = postSolution
		SolutionGuid = {7FF784CD-493D-4F4E-8110-6F3142FBD8A9}
	EndGlobalSection
EndGlobal
